{
  "name": "@jswitzer/ex-workspace",
  "lockfileVersion": 2,
  "requires": true,
  "packages": {
    "": {
      "name": "@jswitzer/ex-workspace",
      "workspaces": [
        "cmd/formatname",
        "lib/leftpad"
      ]
    },
    "cmd/formatname": {
      "name": "@jswitzer/formatname",
      "version": "1.0.0",
      "license": "GPL-3.0",
      "dependencies": {
        "@jswitzer/leftpad": "1.0.0"
      },
      "devDependencies": {
        "typescript": "^4.9.5"
      }
    },
    "lib/leftpad": {
      "name": "@jswitzer/leftpad",
      "version": "1.0.0",
      "license": "GPL-3.0",
      "devDependencies": {
        "typescript": "^4.9.5"
      }
    },
    "node_modules/@jswitzer/formatname": {
      "resolved": "cmd/formatname",
      "link": true
    },
    "node_modules/@jswitzer/leftpad": {
      "resolved": "lib/leftpad",
      "link": true
    },
    "node_modules/typescript": {
      "version": "4.9.5",
      "resolved": "https://registry.npmjs.org/typescript/-/typescript-4.9.5.tgz",
      "integrity": "sha512-1FXk9E2Hm+QzZQ7z+McJiHL4NW1F2EzMu9Nq9i3zAaGqibafqYwCVU6WyWAuyQRRzOlxou8xZSyXLEN8oKj24g==",
      "dev": true,
      "bin": {
        "tsc": "bin/tsc",
        "tsserver": "bin/tsserver"
      },
      "engines": {
        "node": ">=4.2.0"
      }
    }
  },
  "dependencies": {
    "@jswitzer/formatname": {
      "version": "file:cmd/formatname",
      "requires": {
        "@jswitzer/leftpad": "1.0.0",
        "typescript": "^4.9.5"
      }
    },
    "@jswitzer/leftpad": {
      "version": "file:lib/leftpad",
      "requires": {
        "typescript": "^4.9.5"
      }
    },
    "typescript": {
      "version": "4.9.5",
      "resolved": "https://registry.npmjs.org/typescript/-/typescript-4.9.5.tgz",
      "integrity": "sha512-1FXk9E2Hm+QzZQ7z+McJiHL4NW1F2EzMu9Nq9i3zAaGqibafqYwCVU6WyWAuyQRRzOlxou8xZSyXLEN8oKj24g==",
      "dev": true
    }
  }
}
